
Microsoft Visual Studio Solution File, Format Version 12.00
# Visual Studio Version 17
VisualStudioVersion = 17.6.33801.468
MinimumVisualStudioVersion = 10.0.40219.1
Project("{9A19103F-16F7-4668-BE54-9A1E7A4F7556}") = "Az.RecoveryServices", "Az.RecoveryServices.csproj", "{763EC316-4266-4BFB-A330-BE4E6CA365F1}"
EndProject
Global
	GlobalSection(SolutionConfigurationPlatforms) = preSolution
		Debug|Any CPU = Debug|Any CPU
		Release|Any CPU = Release|Any CPU
	EndGlobalSection
	GlobalSection(ProjectConfigurationPlatforms) = postSolution
		{763EC316-4266-4BFB-A330-BE4E6CA365F1}.Debug|Any CPU.ActiveCfg = Debug|Any CPU
		{763EC316-4266-4BFB-A330-BE4E6CA365F1}.Debug|Any CPU.Build.0 = Debug|Any CPU
		{763EC316-4266-4BFB-A330-BE4E6CA365F1}.Release|Any CPU.ActiveCfg = Release|Any CPU
		{763EC316-4266-4BFB-A330-BE4E6CA365F1}.Release|Any CPU.Build.0 = Release|Any CPU
	EndGlobalSection
	GlobalSection(SolutionProperties) = preSolution
		HideSolutionNode = FALSE
	EndGlobalSection
	GlobalSection(ExtensibilityGlobals) = postSolution
		SolutionGuid = {6AB389C3-65C1-441F-A76E-7923224C44C5}
	EndGlobalSection
EndGlobal
